
Microsoft Visual Studio Solution File, Format Version 12.00
# Visual Studio 15
Project("{FAE04EC0-301F-11D3-BF4B-00C04F79EFBC}") = "commutr.Android", "commutr.Android\commutr.Android.csproj", "{7612DFE3-88E9-4247-BF69-605C9ACD3908}"
EndProject
Project("{FAE04EC0-301F-11D3-BF4B-00C04F79EFBC}") = "commutr.iOS", "commutr.iOS\commutr.iOS.csproj", "{7ACAFC95-7914-4567-B3B1-79B19038D63C}"
EndProject
Project("{D954291E-2A0B-460D-934E-DC6B0785DB48}") = "commutr", "commutr\commutr.shproj", "{DD4C447E-9E37-43DB-B811-4A8A068682FE}"
EndProject
Global
	GlobalSection(SolutionConfigurationPlatforms) = preSolution
		Debug|Any CPU = Debug|Any CPU
		Release|Any CPU = Release|Any CPU
		Debug|iPhoneSimulator = Debug|iPhoneSimulator
		Release|iPhoneSimulator = Release|iPhoneSimulator
		Debug|iPhone = Debug|iPhone
		Release|iPhone = Release|iPhone
	EndGlobalSection
	GlobalSection(ProjectConfigurationPlatforms) = postSolution
		{7612DFE3-88E9-4247-BF69-605C9ACD3908}.Debug|Any CPU.ActiveCfg = Debug|Any CPU
		{7612DFE3-88E9-4247-BF69-605C9ACD3908}.Debug|Any CPU.Build.0 = Debug|Any CPU
		{7612DFE3-88E9-4247-BF69-605C9ACD3908}.Release|Any CPU.ActiveCfg = Release|Any CPU
		{7612DFE3-88E9-4247-BF69-605C9ACD3908}.Release|Any CPU.Build.0 = Release|Any CPU
		{7612DFE3-88E9-4247-BF69-605C9ACD3908}.Debug|iPhoneSimulator.ActiveCfg = Debug|Any CPU
		{7612DFE3-88E9-4247-BF69-605C9ACD3908}.Debug|iPhoneSimulator.Build.0 = Debug|Any CPU
		{7612DFE3-88E9-4247-BF69-605C9ACD3908}.Release|iPhoneSimulator.ActiveCfg = Release|Any CPU
		{7612DFE3-88E9-4247-BF69-605C9ACD3908}.Release|iPhoneSimulator.Build.0 = Release|Any CPU
		{7612DFE3-88E9-4247-BF69-605C9ACD3908}.Debug|iPhone.ActiveCfg = Debug|Any CPU
		{7612DFE3-88E9-4247-BF69-605C9ACD3908}.Debug|iPhone.Build.0 = Debug|Any CPU
		{7612DFE3-88E9-4247-BF69-605C9ACD3908}.Release|iPhone.ActiveCfg = Release|Any CPU
		{7612DFE3-88E9-4247-BF69-605C9ACD3908}.Release|iPhone.Build.0 = Release|Any CPU
		{7ACAFC95-7914-4567-B3B1-79B19038D63C}.Debug|Any CPU.ActiveCfg = Debug|iPhoneSimulator
		{7ACAFC95-7914-4567-B3B1-79B19038D63C}.Debug|Any CPU.Build.0 = Debug|iPhoneSimulator
		{7ACAFC95-7914-4567-B3B1-79B19038D63C}.Release|Any CPU.ActiveCfg = Release|iPhoneSimulator
		{7ACAFC95-7914-4567-B3B1-79B19038D63C}.Release|Any CPU.Build.0 = Release|iPhoneSimulator
		{7ACAFC95-7914-4567-B3B1-79B19038D63C}.Debug|iPhoneSimulator.ActiveCfg = Debug|iPhoneSimulator
		{7ACAFC95-7914-4567-B3B1-79B19038D63C}.Debug|iPhoneSimulator.Build.0 = Debug|iPhoneSimulator
		{7ACAFC95-7914-4567-B3B1-79B19038D63C}.Release|iPhoneSimulator.ActiveCfg = Release|iPhoneSimulator
		{7ACAFC95-7914-4567-B3B1-79B19038D63C}.Release|iPhoneSimulator.Build.0 = Release|iPhoneSimulator
		{7ACAFC95-7914-4567-B3B1-79B19038D63C}.Debug|iPhone.ActiveCfg = Debug|iPhone
		{7ACAFC95-7914-4567-B3B1-79B19038D63C}.Debug|iPhone.Build.0 = Debug|iPhone
		{7ACAFC95-7914-4567-B3B1-79B19038D63C}.Release|iPhone.ActiveCfg = Release|iPhone
		{7ACAFC95-7914-4567-B3B1-79B19038D63C}.Release|iPhone.Build.0 = Release|iPhone
	EndGlobalSection
EndGlobal
